// !$*UTF8*$!
{
	archiveVersion = 1;
	classes = {
	};
	objectVersion = 50;
	objects = {

/* Begin PBXBuildFile section */
		8A543F21241CF9EA009996EF /* AppDelegate.swift in Sources */ = {isa = PBXBuildFile; fileRef = 8A543F20241CF9EA009996EF /* AppDelegate.swift */; };
		8A543F23241CF9EA009996EF /* SceneDelegate.swift in Sources */ = {isa = PBXBuildFile; fileRef = 8A543F22241CF9EA009996EF /* SceneDelegate.swift */; };
		8A543F25241CF9EA009996EF /* ContentView.swift in Sources */ = {isa = PBXBuildFile; fileRef = 8A543F24241CF9EA009996EF /* ContentView.swift */; };
		8A543F27241CF9EB009996EF /* Assets.xcassets in Resources */ = {isa = PBXBuildFile; fileRef = 8A543F26241CF9EB009996EF /* Assets.xcassets */; };
		8A543F2A241CF9EB009996EF /* Preview Assets.xcassets in Resources */ = {isa = PBXBuildFile; fileRef = 8A543F29241CF9EB009996EF /* Preview Assets.xcassets */; };
		8A543F2D241CF9EB009996EF /* LaunchScreen.storyboard in Resources */ = {isa = PBXBuildFile; fileRef = 8A543F2B241CF9EB009996EF /* LaunchScreen.storyboard */; };
		8A543F35241D00C3009996EF /* HostingWindowEnvironment.swift in Sources */ = {isa = PBXBuildFile; fileRef = 8A543F34241D00C3009996EF /* HostingWindowEnvironment.swift */; };
/* End PBXBuildFile section */

/* Begin PBXFileReference section */
		8A543F1D241CF9EA009996EF /* DemoWindowTint.app */ = {isa = PBXFileReference; explicitFileType = wrapper.application; includeInIndex = 0; path = DemoWindowTint.app; sourceTree = BUILT_PRODUCTS_DIR; };
		8A543F20241CF9EA009996EF /* AppDelegate.swift */ = {isa = PBXFileReference; lastKnownFileType = sourcecode.swift; path = AppDelegate.swift; sourceTree = "<group>"; };
		8A543F22241CF9EA009996EF /* SceneDelegate.swift */ = {isa = PBXFileReference; lastKnownFileType = sourcecode.swift; path = SceneDelegate.swift; sourceTree = "<group>"; };
		8A543F24241CF9EA009996EF /* ContentView.swift */ = {isa = PBXFileReference; lastKnownFileType = sourcecode.swift; path = ContentView.swift; sourceTree = "<group>"; };
		8A543F26241CF9EB009996EF /* Assets.xcassets */ = {isa = PBXFileReference; lastKnownFileType = folder.assetcatalog; path = Assets.xcassets; sourceTree = "<group>"; };
		8A543F29241CF9EB009996EF /* Preview Assets.xcassets */ = {isa = PBXFileReference; lastKnownFileType = folder.assetcatalog; path = "Preview Assets.xcassets"; sourceTree = "<group>"; };
		8A543F2C241CF9EB009996EF /* Base */ = {isa = PBXFileReference; lastKnownFileType = file.storyboard; name = Base; path = Base.lproj/LaunchScreen.storyboard; sourceTree = "<group>"; };
		8A543F2E241CF9EB009996EF /* Info.plist */ = {isa = PBXFileReference; lastKnownFileType = text.plist.xml; path = Info.plist; sourceTree = "<group>"; };
		8A543F34241D00C3009996EF /* HostingWindowEnvironment.swift */ = {isa = PBXFileReference; lastKnownFileType = sourcecode.swift; path = HostingWindowEnvironment.swift; sourceTree = "<group>"; };
/* End PBXFileReference section */

/* Begin PBXFrameworksBuildPhase section */
		8A543F1A241CF9EA009996EF /* Frameworks */ = {
			isa = PBXFrameworksBuildPhase;
			buildActionMask = 2147483647;
			files = (
			);
			runOnlyForDeploymentPostprocessing = 0;
		};
/* End PBXFrameworksBuildPhase section */

/* Begin PBXGroup section */
		8A543F14241CF9EA009996EF = {
			isa = PBXGroup;
			children = (
				8A543F1F241CF9EA009996EF /* DemoWindowTint */,
				8A543F1E241CF9EA009996EF /* Products */,
			);
			sourceTree = "<group>";
		};
		8A543F1E241CF9EA009996EF /* Products */ = {
			isa = PBXGroup;
			children = (
				8A543F1D241CF9EA009996EF /* DemoWindowTint.app */,
			);
			name = Products;
			sourceTree = "<group>";
		};
		8A543F1F241CF9EA009996EF /* DemoWindowTint */ = {
			isa = PBXGroup;
			children = (
				8A543F20241CF9EA009996EF /* AppDelegate.swift */,
				8A543F34241D00C3009996EF /* HostingWindowEnvironment.swift */,
				8A543F22241CF9EA009996EF /* SceneDelegate.swift */,
				8A543F24241CF9EA009996EF /* ContentView.swift */,
				8A543F26241CF9EB009996EF /* Assets.xcassets */,
				8A543F2B241CF9EB009996EF /* LaunchScreen.storyboard */,
				8A543F2E241CF9EB009996EF /* Info.plist */,
				8A543F28241CF9EB009996EF /* Preview Content */,
			);
			path = DemoWindowTint;
			sourceTree = "<group>";
		};
		8A543F28241CF9EB009996EF /* Preview Content */ = {
			isa = PBXGroup;
			children = (
				8A543F29241CF9EB009996EF /* Preview Assets.xcassets */,
			);
			path = "Preview Content";
			sourceTree = "<group>";
		};
/* End PBXGroup section */

/* Begin PBXNativeTarget section */
		8A543F1C241CF9EA009996EF /* DemoWindowTint */ = {
			isa = PBXNativeTarget;
			buildConfigurationList = 8A543F31241CF9EB009996EF /* Build configuration list for PBXNativeTarget "DemoWindowTint" */;
			buildPhases = (
				8A543F19241CF9EA009996EF /* Sources */,
				8A543F1A241CF9EA009996EF /* Frameworks */,
				8A543F1B241CF9EA009996EF /* Resources */,
			);
			buildRules = (
			);
			dependencies = (
			);
			name = DemoWindowTint;
			productName = DemoWindowTint;
			productReference = 8A543F1D241CF9EA009996EF /* DemoWindowTint.app */;
			productType = "com.apple.product-type.application";
		};
/* End PBXNativeTarget section */

/* Begin PBXProject section */
		8A543F15241CF9EA009996EF /* Project object */ = {
			isa = PBXProject;
			attributes = {
				LastSwiftUpdateCheck = 1120;
				LastUpgradeCheck = 1120;
				ORGANIZATIONNAME = Asperi;
				TargetAttributes = {
					8A543F1C241CF9EA009996EF = {
						CreatedOnToolsVersion = 11.2;
					};
				};
			};
			buildConfigurationList = 8A543F18241CF9EA009996EF /* Build configuration list for PBXProject "DemoWindowTint" */;
			compatibilityVersion = "Xcode 9.3";
			developmentRegion = en;
			hasScannedForEncodings = 0;
			knownRegions = (
				en,
				Base,
			);
			mainGroup = 8A543F14241CF9EA009996EF;
			productRefGroup = 8A543F1E241CF9EA009996EF /* Products */;
			projectDirPath = "";
			projectRoot = "";
			targets = (
				8A543F1C241CF9EA009996EF /* DemoWindowTint */,
			);
		};
/* End PBXProject section */

/* Begin PBXResourcesBuildPhase section */
		8A543F1B241CF9EA009996EF /* Resources */ = {
			isa = PBXResourcesBuildPhase;
			buildActionMask = 2147483647;
			files = (
				8A543F2D241CF9EB009996EF /* LaunchScreen.storyboard in Resources */,
				8A543F2A241CF9EB009996EF /* Preview Assets.xcassets in Resources */,
				8A543F27241CF9EB009996EF /* Assets.xcassets in Resources */,
			);
			runOnlyForDeploymentPostprocessing = 0;
		};
/* End PBXResourcesBuildPhase section */

/* Begin PBXSourcesBuildPhase section */
		8A543F19241CF9EA009996EF /* Sources */ = {
			isa = PBXSourcesBuildPhase;
			buildActionMask = 2147483647;
			files = (
				8A543F21241CF9EA009996EF /* AppDelegate.swift in Sources */,
				8A543F23241CF9EA009996EF /* SceneDelegate.swift in Sources */,
				8A543F35241D00C3009996EF /* HostingWindowEnvironment.swift in Sources */,
				8A543F25241CF9EA009996EF /* ContentView.swift in Sources */,
			);
			runOnlyForDeploymentPostprocessing = 0;
		};
/* End PBXSourcesBuildPhase section */

/* Begin PBXVariantGroup section */
		8A543F2B241CF9EB009996EF /* LaunchScreen.storyboard */ = {
			isa = PBXVariantGroup;
			children = (
				8A543F2C241CF9EB009996EF /* Base */,
			);
			name = LaunchScreen.storyboard;
			sourceTree = "<group>";
		};
/* End PBXVariantGroup section */

/* Begin XCBuildConfiguration section */
		8A543F2F241CF9EB009996EF /* Debug */ = {
			isa = XCBuildConfiguration;
			buildSettings = {
				ALWAYS_SEARCH_USER_PATHS = NO;
				CLANG_ANALYZER_NONNULL = YES;
				CLANG_ANALYZER_NUMBER_OBJECT_CONVERSION = YES_AGGRESSIVE;
				CLANG_CXX_LANGUAGE_STANDARD = "gnu++14";
				CLANG_CXX_LIBRARY = "libc++";
				CLANG_ENABLE_MODULES = YES;
				CLANG_ENABLE_OBJC_ARC = YES;
				CLANG_ENABLE_OBJC_WEAK = YES;
				CLANG_WARN_BLOCK_CAPTURE_AUTORELEASING = YES;
				CLANG_WARN_BOOL_CONVERSION = YES;
				CLANG_WARN_COMMA = YES;
				CLANG_WARN_CONSTANT_CONVERSION = YES;
				CLANG_WARN_DEPRECATED_OBJC_IMPLEMENTATIONS = YES;
				CLANG_WARN_DIRECT_OBJC_ISA_USAGE = YES_ERROR;
				CLANG_WARN_DOCUMENTATION_COMMENTS = YES;
				CLANG_WARN_EMPTY_BODY = YES;
				CLANG_WARN_ENUM_CONVERSION = YES;
				CLANG_WARN_INFINITE_RECURSION = YES;
				CLANG_WARN_INT_CONVERSION = YES;
				CLANG_WARN_NON_LITERAL_NULL_CONVERSION = YES;
				CLANG_WARN_OBJC_IMPLICIT_RETAIN_SELF = YES;
				CLANG_WARN_OBJC_LITERAL_CONVERSION = YES;
				CLANG_WARN_OBJC_ROOT_CLASS = YES_ERROR;
				CLANG_WARN_RANGE_LOOP_ANALYSIS = YES;
				CLANG_WARN_STRICT_PROTOTYPES = YES;
				CLANG_WARN_SUSPICIOUS_MOVE = YES;
				CLANG_WARN_UNGUARDED_AVAILABILITY = YES_AGGRESSIVE;
				CLANG_WARN_UNREACHABLE_CODE = YES;
				CLANG_WARN__DUPLICATE_METHOD_MATCH = YES;
				COPY_PHASE_STRIP = NO;
				DEBUG_INFORMATION_FORMAT = dwarf;
				ENABLE_STRICT_OBJC_MSGSEND = YES;
				ENABLE_TESTABILITY = YES;
				GCC_C_LANGUAGE_STANDARD = gnu11;
				GCC_DYNAMIC_NO_PIC = NO;
				GCC_NO_COMMON_BLOCKS = YES;
				GCC_OPTIMIZATION_LEVEL = 0;
				GCC_PREPROCESSOR_DEFINITIONS = (
					"DEBUG=1",
					"$(inherited)",
				);
				GCC_WARN_64_TO_32_BIT_CONVERSION = YES;
				GCC_WARN_ABOUT_RETURN_TYPE = YES_ERROR;
				GCC_WARN_UNDECLARED_SELECTOR = YES;
				GCC_WARN_UNINITIALIZED_AUTOS = YES_AGGRESSIVE;
				GCC_WARN_UNUSED_FUNCTION = YES;
				GCC_WARN_UNUSED_VARIABLE = YES;
				IPHONEOS_DEPLOYMENT_TARGET = 13.2;
				MTL_ENABLE_DEBUG_INFO = INCLUDE_SOURCE;
				MTL_FAST_MATH = YES;
				ONLY_ACTIVE_ARCH = YES;
				SDKROOT = iphoneos;
				SWIFT_ACTIVE_COMPILATION_CONDITIONS = DEBUG;
				SWIFT_OPTIMIZATION_LEVEL = "-Onone";
			};
			name = Debug;
		};
		8A543F30241CF9EB009996EF /* Release */ = {
			isa = XCBuildConfiguration;
			buildSettings = {
				ALWAYS_SEARCH_USER_PATHS = NO;
				CLANG_ANALYZER_NONNULL = YES;
				CLANG_ANALYZER_NUMBER_OBJECT_CONVERSION = YES_AGGRESSIVE;
				CLANG_CXX_LANGUAGE_STANDARD = "gnu++14";
				CLANG_CXX_LIBRARY = "libc++";
				CLANG_ENABLE_MODULES = YES;
				CLANG_ENABLE_OBJC_ARC = YES;
				CLANG_ENABLE_OBJC_WEAK = YES;
				CLANG_WARN_BLOCK_CAPTURE_AUTORELEASING = YES;
				CLANG_WARN_BOOL_CONVERSION = YES;
				CLANG_WARN_COMMA = YES;
				CLANG_WARN_CONSTANT_CONVERSION = YES;
				CLANG_WARN_DEPRECATED_OBJC_IMPLEMENTATIONS = YES;
				CLANG_WARN_DIRECT_OBJC_ISA_USAGE = YES_ERROR;
				CLANG_WARN_DOCUMENTATION_COMMENTS = YES;
				CLANG_WARN_EMPTY_BODY = YES;
				CLANG_WARN_ENUM_CONVERSION = YES;
				CLANG_WARN_INFINITE_RECURSION = YES;
				CLANG_WARN_INT_CONVERSION = YES;
				CLANG_WARN_NON_LITERAL_NULL_CONVERSION = YES;
				CLANG_WARN_OBJC_IMPLICIT_RETAIN_SELF = YES;
				CLANG_WARN_OBJC_LITERAL_CONVERSION = YES;
				CLANG_WARN_OBJC_ROOT_CLASS = YES_ERROR;
				CLANG_WARN_RANGE_LOOP_ANALYSIS = YES;
				CLANG_WARN_STRICT_PROTOTYPES = YES;
				CLANG_WARN_SUSPICIOUS_MOVE = YES;
				CLANG_WARN_UNGUARDED_AVAILABILITY = YES_AGGRESSIVE;
				CLANG_WARN_UNREACHABLE_CODE = YES;
				CLANG_WARN__DUPLICATE_METHOD_MATCH = YES;
				COPY_PHASE_STRIP = NO;
				DEBUG_INFORMATION_FORMAT = "dwarf-with-dsym";
				ENABLE_NS_ASSERTIONS = NO;
				ENABLE_STRICT_OBJC_MSGSEND = YES;
				GCC_C_LANGUAGE_STANDARD = gnu11;
				GCC_NO_COMMON_BLOCKS = YES;
				GCC_WARN_64_TO_32_BIT_CONVERSION = YES;
				GCC_WARN_ABOUT_RETURN_TYPE = YES_ERROR;
				GCC_WARN_UNDECLARED_SELECTOR = YES;
				GCC_WARN_UNINITIALIZED_AUTOS = YES_AGGRESSIVE;
				GCC_WARN_UNUSED_FUNCTION = YES;
				GCC_WARN_UNUSED_VARIABLE = YES;
				IPHONEOS_DEPLOYMENT_TARGET = 13.2;
				MTL_ENABLE_DEBUG_INFO = NO;
				MTL_FAST_MATH = YES;
				SDKROOT = iphoneos;
				SWIFT_COMPILATION_MODE = wholemodule;
				SWIFT_OPTIMIZATION_LEVEL = "-O";
				VALIDATE_PRODUCT = YES;
			};
			name = Release;
		};
		8A543F32241CF9EB009996EF /* Debug */ = {
			isa = XCBuildConfiguration;
			buildSettings = {
				ASSETCATALOG_COMPILER_APPICON_NAME = AppIcon;
				CODE_SIGN_STYLE = Automatic;
				DEVELOPMENT_ASSET_PATHS = "\"DemoWindowTint/Preview Content\"";
				ENABLE_PREVIEWS = YES;
				INFOPLIST_FILE = DemoWindowTint/Info.plist;
				LD_RUNPATH_SEARCH_PATHS = (
					"$(inherited)",
					"@executable_path/Frameworks",
				);
				PRODUCT_BUNDLE_IDENTIFIER = com.asperi.DemoWindowTint;
				PRODUCT_NAME = "$(TARGET_NAME)";
				SWIFT_VERSION = 5.0;
				TARGETED_DEVICE_FAMILY = "1,2";
			};
			name = Debug;
		};
		8A543F33241CF9EB009996EF /* Release */ = {
			isa = XCBuildConfiguration;
			buildSettings = {
				ASSETCATALOG_COMPILER_APPICON_NAME = AppIcon;
				CODE_SIGN_STYLE = Automatic;
				DEVELOPMENT_ASSET_PATHS = "\"DemoWindowTint/Preview Content\"";
				ENABLE_PREVIEWS = YES;
				INFOPLIST_FILE = DemoWindowTint/Info.plist;
				LD_RUNPATH_SEARCH_PATHS = (
					"$(inherited)",
					"@executable_path/Frameworks",
				);
				PRODUCT_BUNDLE_IDENTIFIER = com.asperi.DemoWindowTint;
				PRODUCT_NAME = "$(TARGET_NAME)";
				SWIFT_VERSION = 5.0;
				TARGETED_DEVICE_FAMILY = "1,2";
			};
			name = Release;
		};
/* End XCBuildConfiguration section */

/* Begin XCConfigurationList section */
		8A543F18241CF9EA009996EF /* Build configuration list for PBXProject "DemoWindowTint" */ = {
			isa = XCConfigurationList;
			buildConfigurations = (
				8A543F2F241CF9EB009996EF /* Debug */,
				8A543F30241CF9EB009996EF /* Release */,
			);
			defaultConfigurationIsVisible = 0;
			defaultConfigurationName = Release;
		};
		8A543F31241CF9EB009996EF /* Build configuration list for PBXNativeTarget "DemoWindowTint" */ = {
			isa = XCConfigurationList;
			buildConfigurations = (
				8A543F32241CF9EB009996EF /* Debug */,
				8A543F33241CF9EB009996EF /* Release */,
			);
			defaultConfigurationIsVisible = 0;
			defaultConfigurationName = Release;
		};
/* End XCConfigurationList section */
	};
	rootObject = 8A543F15241CF9EA009996EF /* Project object */;
}
